
Microsoft Visual Studio Solution File, Format Version 12.00
# Visual Studio 15
VisualStudioVersion = 15.0.28307.168
MinimumVisualStudioVersion = 10.0.40219.1
Project("{888888A0-9F3D-457C-B088-3A5042F75D52}") = "test", "test.pyproj", "{D89E48E7-749A-4CC0-8BB2-2D8BFF5D25A1}"
EndProject
Global
	GlobalSection(SolutionConfigurationPlatforms) = preSolution
		Debug|Any CPU = Debug|Any CPU
		Release|Any CPU = Release|Any CPU
	EndGlobalSection
	GlobalSection(ProjectConfigurationPlatforms) = postSolution
		{D89E48E7-749A-4CC0-8BB2-2D8BFF5D25A1}.Debug|Any CPU.ActiveCfg = Debug|Any CPU
		{D89E48E7-749A-4CC0-8BB2-2D8BFF5D25A1}.Release|Any CPU.ActiveCfg = Release|Any CPU
	EndGlobalSection
	GlobalSection(SolutionProperties) = preSolution
		HideSolutionNode = FALSE
	EndGlobalSection
	GlobalSection(ExtensibilityGlobals) = postSolution
		SolutionGuid = {0327B20C-B390-4D3C-B6D7-FA85C8D91D0F}
	EndGlobalSection
EndGlobal
